
Microsoft Visual Studio Solution File, Format Version 9.00
# Visual Studio 2005
Project("{FAE04EC0-301F-11D3-BF4B-00C04F79EFBC}") = "MathTextLearner", "MathTextLearner\MathTextLearner.csproj", "{66835C24-8A59-45A8-93C4-EA5E1827D3D9}"
EndProject
Project("{FAE04EC0-301F-11D3-BF4B-00C04F79EFBC}") = "CustomGtkWidgets", "CustomGtkWidgets\CustomGtkWidgets.csproj", "{856EB745-5912-471F-8F3A-7F135BE343BA}"
EndProject
Project("{FAE04EC0-301F-11D3-BF4B-00C04F79EFBC}") = "MathTextLibrary", "MathTextLibrary\MathTextLibrary.csproj", "{56121D73-A56B-4DD6-AE5E-1B4AF3EC9894}"
EndProject
Project("{FAE04EC0-301F-11D3-BF4B-00C04F79EFBC}") = "MathTextRecognizer", "MathTextRecognizer\MathTextRecognizer.csproj", "{D47E943F-9F84-49D5-9A56-FEF904FF1598}"
EndProject
Global
	GlobalSection(SolutionConfigurationPlatforms) = preSolution
		Debug = Debug
		Release = Release
	EndGlobalSection
	GlobalSection(ProjectConfigurationPlatforms) = postSolution
		{56121D73-A56B-4DD6-AE5E-1B4AF3EC9894}.Debug.ActiveCfg = Debug
		{56121D73-A56B-4DD6-AE5E-1B4AF3EC9894}.Debug.Build.0 = Debug
		{56121D73-A56B-4DD6-AE5E-1B4AF3EC9894}.Release.ActiveCfg = Release
		{56121D73-A56B-4DD6-AE5E-1B4AF3EC9894}.Release.Build.0 = Release
		{66835C24-8A59-45A8-93C4-EA5E1827D3D9}.Debug.ActiveCfg = Debug
		{66835C24-8A59-45A8-93C4-EA5E1827D3D9}.Debug.Build.0 = Debug
		{66835C24-8A59-45A8-93C4-EA5E1827D3D9}.Release.ActiveCfg = Release
		{66835C24-8A59-45A8-93C4-EA5E1827D3D9}.Release.Build.0 = Release
		{856EB745-5912-471F-8F3A-7F135BE343BA}.Debug.ActiveCfg = Debug
		{856EB745-5912-471F-8F3A-7F135BE343BA}.Debug.Build.0 = Debug
		{856EB745-5912-471F-8F3A-7F135BE343BA}.Release.ActiveCfg = Release
		{856EB745-5912-471F-8F3A-7F135BE343BA}.Release.Build.0 = Release
		{D47E943F-9F84-49D5-9A56-FEF904FF1598}.Debug.ActiveCfg = Debug
		{D47E943F-9F84-49D5-9A56-FEF904FF1598}.Debug.Build.0 = Debug
		{D47E943F-9F84-49D5-9A56-FEF904FF1598}.Release.ActiveCfg = Release
		{D47E943F-9F84-49D5-9A56-FEF904FF1598}.Release.Build.0 = Release
	EndGlobalSection
	GlobalSection(NestedProjects) = preSolution
	EndGlobalSection
EndGlobal
