
Microsoft Visual Studio Solution File, Format Version 9.00
# Visual Studio 2005
# SharpDevelop 2.2.1.2648
Project("{FAE04EC0-301F-11D3-BF4B-00C04F79EFBC}") = "MathTextCustomWidgets", "MathTextCustomWidgets\MathTextCustomWidgets.csproj", "{D526D55E-96FB-4E1F-876C-8CAC1B5A5E15}"
EndProject
Project("{FAE04EC0-301F-11D3-BF4B-00C04F79EFBC}") = "MathTextLearner", "MathTextLearner\MathTextLearner.csproj", "{4A95EA54-B832-45C2-A412-4F8689703D25}"
EndProject
Project("{FAE04EC0-301F-11D3-BF4B-00C04F79EFBC}") = "MathTextLibrary", "MathTextLibrary\MathTextLibrary.csproj", "{603789E4-51B9-4A31-B38B-165B7C6EABB4}"
EndProject
Project("{FAE04EC0-301F-11D3-BF4B-00C04F79EFBC}") = "MathTextRecognizer", "MathTextRecognizer\MathTextRecognizer.csproj", "{68F1CF2A-5683-4B48-933D-F32BA3707867}"
EndProject
Global
	GlobalSection(SolutionConfigurationPlatforms) = preSolution
		Debug|Any CPU = Debug|Any CPU
		Release|Any CPU = Release|Any CPU
	EndGlobalSection
	GlobalSection(ProjectConfigurationPlatforms) = postSolution
		{D526D55E-96FB-4E1F-876C-8CAC1B5A5E15}.Debug|Any CPU.Build.0 = Debug|Any CPU
		{D526D55E-96FB-4E1F-876C-8CAC1B5A5E15}.Debug|Any CPU.ActiveCfg = Debug|Any CPU
		{D526D55E-96FB-4E1F-876C-8CAC1B5A5E15}.Release|Any CPU.Build.0 = Release|Any CPU
		{D526D55E-96FB-4E1F-876C-8CAC1B5A5E15}.Release|Any CPU.ActiveCfg = Release|Any CPU
		{4A95EA54-B832-45C2-A412-4F8689703D25}.Debug|Any CPU.Build.0 = Debug|Any CPU
		{4A95EA54-B832-45C2-A412-4F8689703D25}.Debug|Any CPU.ActiveCfg = Debug|Any CPU
		{4A95EA54-B832-45C2-A412-4F8689703D25}.Release|Any CPU.Build.0 = Release|Any CPU
		{4A95EA54-B832-45C2-A412-4F8689703D25}.Release|Any CPU.ActiveCfg = Release|Any CPU
		{603789E4-51B9-4A31-B38B-165B7C6EABB4}.Debug|Any CPU.Build.0 = Debug|Any CPU
		{603789E4-51B9-4A31-B38B-165B7C6EABB4}.Debug|Any CPU.ActiveCfg = Debug|Any CPU
		{603789E4-51B9-4A31-B38B-165B7C6EABB4}.Release|Any CPU.Build.0 = Release|Any CPU
		{603789E4-51B9-4A31-B38B-165B7C6EABB4}.Release|Any CPU.ActiveCfg = Release|Any CPU
		{68F1CF2A-5683-4B48-933D-F32BA3707867}.Debug|Any CPU.Build.0 = Debug|Any CPU
		{68F1CF2A-5683-4B48-933D-F32BA3707867}.Debug|Any CPU.ActiveCfg = Debug|Any CPU
		{68F1CF2A-5683-4B48-933D-F32BA3707867}.Release|Any CPU.Build.0 = Release|Any CPU
		{68F1CF2A-5683-4B48-933D-F32BA3707867}.Release|Any CPU.ActiveCfg = Release|Any CPU
	EndGlobalSection
EndGlobal
