
Microsoft Visual Studio Solution File, Format Version 9.00
# Visual Studio 2005
Project("{FAE04EC0-301F-11D3-BF4B-00C04F79EFBC}") = "MathTextLearner", "MathTextLearner\MathTextLearner.csproj", "{4A95EA54-B832-45C2-A412-4F8689703D25}"
EndProject
Project("{FAE04EC0-301F-11D3-BF4B-00C04F79EFBC}") = "MathTextLibrary", "MathTextLibrary\MathTextLibrary.csproj", "{603789E4-51B9-4A31-B38B-165B7C6EABB4}"
EndProject
Project("{FAE04EC0-301F-11D3-BF4B-00C04F79EFBC}") = "MathTextRecognizer", "MathTextRecognizer\MathTextRecognizer.csproj", "{68F1CF2A-5683-4B48-933D-F32BA3707867}"
EndProject
Project("{FAE04EC0-301F-11D3-BF4B-00C04F79EFBC}") = "MathTextCustomWidgets", "MathTextCustomWidgets\MathTextCustomWidgets.csproj", "{D526D55E-96FB-4E1F-876C-8CAC1B5A5E15}"
EndProject
Project("{FAE04EC0-301F-11D3-BF4B-00C04F79EFBC}") = "MathTextLearnerLauncher", "MathTextLearnerLauncher\MathTextLearnerLauncher.csproj", "{854110D8-A567-4FE7-BE13-0290F1B46625}"
EndProject
Global
	GlobalSection(SolutionConfigurationPlatforms) = preSolution
		Debug = Debug
		Release = Release
	EndGlobalSection
	GlobalSection(ProjectConfigurationPlatforms) = postSolution
		{4A95EA54-B832-45C2-A412-4F8689703D25}.Debug.ActiveCfg = Debug
		{4A95EA54-B832-45C2-A412-4F8689703D25}.Debug.Build.0 = Debug
		{4A95EA54-B832-45C2-A412-4F8689703D25}.Release.ActiveCfg = Release
		{4A95EA54-B832-45C2-A412-4F8689703D25}.Release.Build.0 = Release
		{603789E4-51B9-4A31-B38B-165B7C6EABB4}.Debug.ActiveCfg = Debug
		{603789E4-51B9-4A31-B38B-165B7C6EABB4}.Debug.Build.0 = Debug
		{603789E4-51B9-4A31-B38B-165B7C6EABB4}.Release.ActiveCfg = Release
		{603789E4-51B9-4A31-B38B-165B7C6EABB4}.Release.Build.0 = Release
		{68F1CF2A-5683-4B48-933D-F32BA3707867}.Debug.ActiveCfg = Debug
		{68F1CF2A-5683-4B48-933D-F32BA3707867}.Debug.Build.0 = Debug
		{68F1CF2A-5683-4B48-933D-F32BA3707867}.Release.ActiveCfg = Release
		{68F1CF2A-5683-4B48-933D-F32BA3707867}.Release.Build.0 = Release
		{854110D8-A567-4FE7-BE13-0290F1B46625}.Debug.ActiveCfg = Debug
		{854110D8-A567-4FE7-BE13-0290F1B46625}.Debug.Build.0 = Debug
		{854110D8-A567-4FE7-BE13-0290F1B46625}.Release.ActiveCfg = Release
		{854110D8-A567-4FE7-BE13-0290F1B46625}.Release.Build.0 = Release
		{D526D55E-96FB-4E1F-876C-8CAC1B5A5E15}.Debug.ActiveCfg = Debug
		{D526D55E-96FB-4E1F-876C-8CAC1B5A5E15}.Debug.ActiveCfg = Debug
		{D526D55E-96FB-4E1F-876C-8CAC1B5A5E15}.Debug.Build.0 = Debug
		{D526D55E-96FB-4E1F-876C-8CAC1B5A5E15}.Debug.Build.0 = Debug
		{D526D55E-96FB-4E1F-876C-8CAC1B5A5E15}.Release.ActiveCfg = Release
		{D526D55E-96FB-4E1F-876C-8CAC1B5A5E15}.Release.ActiveCfg = Release
		{D526D55E-96FB-4E1F-876C-8CAC1B5A5E15}.Release.Build.0 = Release
		{D526D55E-96FB-4E1F-876C-8CAC1B5A5E15}.Release.Build.0 = Release
	EndGlobalSection
	GlobalSection(NestedProjects) = preSolution
	EndGlobalSection
EndGlobal
